
Microsoft Visual Studio Solution File, Format Version 12.00
# Visual Studio Version 17
VisualStudioVersion = 17.14.36429.23 d17.14
MinimumVisualStudioVersion = 10.0.40219.1
Project("{FAE04EC0-301F-11D3-BF4B-00C04F79EFBC}") = "Homework_5", "Homework_5\Homework_5.csproj", "{F8D28D2A-A530-444C-9EC6-9538E1B6D759}"
EndProject
Global
	GlobalSection(SolutionConfigurationPlatforms) = preSolution
		Debug|Any CPU = Debug|Any CPU
		Release|Any CPU = Release|Any CPU
	EndGlobalSection
	GlobalSection(ProjectConfigurationPlatforms) = postSolution
		{F8D28D2A-A530-444C-9EC6-9538E1B6D759}.Debug|Any CPU.ActiveCfg = Debug|Any CPU
		{F8D28D2A-A530-444C-9EC6-9538E1B6D759}.Debug|Any CPU.Build.0 = Debug|Any CPU
		{F8D28D2A-A530-444C-9EC6-9538E1B6D759}.Release|Any CPU.ActiveCfg = Release|Any CPU
		{F8D28D2A-A530-444C-9EC6-9538E1B6D759}.Release|Any CPU.Build.0 = Release|Any CPU
	EndGlobalSection
	GlobalSection(SolutionProperties) = preSolution
		HideSolutionNode = FALSE
	EndGlobalSection
	GlobalSection(ExtensibilityGlobals) = postSolution
		SolutionGuid = {882DF128-1BD7-430D-877A-F59D830CFFA2}
	EndGlobalSection
EndGlobal
